
Microsoft Visual Studio Solution File, Format Version 11.00
# Visual Studio 2010
Project("{F184B08F-C81C-45F6-A57F-5ABD9991F28F}") = "SenateVoteOOB", "SenateVoteOOB\SenateVoteOOB.vbproj", "{AA2B37D1-4D03-4719-8067-3A4C36E03479}"
EndProject
Global
	GlobalSection(SolutionConfigurationPlatforms) = preSolution
		Debug|Any CPU = Debug|Any CPU
		Release|Any CPU = Release|Any CPU
	EndGlobalSection
	GlobalSection(ProjectConfigurationPlatforms) = postSolution
		{AA2B37D1-4D03-4719-8067-3A4C36E03479}.Debug|Any CPU.ActiveCfg = Debug|Any CPU
		{AA2B37D1-4D03-4719-8067-3A4C36E03479}.Debug|Any CPU.Build.0 = Debug|Any CPU
		{AA2B37D1-4D03-4719-8067-3A4C36E03479}.Release|Any CPU.ActiveCfg = Release|Any CPU
		{AA2B37D1-4D03-4719-8067-3A4C36E03479}.Release|Any CPU.Build.0 = Release|Any CPU
	EndGlobalSection
	GlobalSection(SolutionProperties) = preSolution
		HideSolutionNode = FALSE
	EndGlobalSection
EndGlobal
